
Microsoft Visual Studio Solution File, Format Version 12.00
# Visual Studio 14
VisualStudioVersion = 14.0.25420.1
MinimumVisualStudioVersion = 10.0.40219.1
Project("{2150E333-8FDC-42A3-9474-1A3956D46DE8}") = "src", "src", "{0F00C32B-74D4-426F-B4BE-53D758F0F470}"
EndProject
Project("{2150E333-8FDC-42A3-9474-1A3956D46DE8}") = "Solution Items", "Solution Items", "{7A2251EC-F6CA-4AFA-B8DA-68ABE35189CC}"
	ProjectSection(SolutionItems) = preProject
		global.json = global.json
	EndProjectSection
EndProject
Project("{8BB2217D-0F2D-49D1-97BC-3654ED321F3B}") = "AspnetCore", "src\AspnetCore\AspnetCore.xproj", "{723FAEF3-D42B-41CF-9171-436ABE18B586}"
EndProject
Global
	GlobalSection(SolutionConfigurationPlatforms) = preSolution
		Debug|Any CPU = Debug|Any CPU
		Release|Any CPU = Release|Any CPU
	EndGlobalSection
	GlobalSection(ProjectConfigurationPlatforms) = postSolution
		{723FAEF3-D42B-41CF-9171-436ABE18B586}.Debug|Any CPU.ActiveCfg = Debug|Any CPU
		{723FAEF3-D42B-41CF-9171-436ABE18B586}.Debug|Any CPU.Build.0 = Debug|Any CPU
		{723FAEF3-D42B-41CF-9171-436ABE18B586}.Release|Any CPU.ActiveCfg = Release|Any CPU
		{723FAEF3-D42B-41CF-9171-436ABE18B586}.Release|Any CPU.Build.0 = Release|Any CPU
	EndGlobalSection
	GlobalSection(SolutionProperties) = preSolution
		HideSolutionNode = FALSE
	EndGlobalSection
	GlobalSection(NestedProjects) = preSolution
		{723FAEF3-D42B-41CF-9171-436ABE18B586} = {0F00C32B-74D4-426F-B4BE-53D758F0F470}
	EndGlobalSection
EndGlobal
